<Solution>
  <Project Path="NaughtyAttributes.Test.csproj" />
  <Project Path="NaughtyAttributes.Core.csproj" />
  <Project Path="NaughtyAttributes.Editor.csproj" />
  <Project Path="Assembly-CSharp.csproj" />
  <Project Path="ReadOnlyAttribute.csproj" />
  <Project Path="2DGridCreatorEditor.csproj" />
  <Project Path="MustBeAssignedAttribute.csproj" />
  <Project Path="2DGridCreatorMBH.csproj" />
</Solution>
